// !$*UTF8*$!
{
	archiveVersion = 1;
	classes = {
	};
	objectVersion = 48;
	objects = {

/* Begin PBXBuildFile section */
		5E0D7F221F9D357A00CCDCE0 /* Meal.swift in Sources */ = {isa = PBXBuildFile; fileRef = 5E0D7F211F9D357A00CCDCE0 /* Meal.swift */; };
		5E0D7F241F9D35EB00CCDCE0 /* Item.swift in Sources */ = {isa = PBXBuildFile; fileRef = 5E0D7F231F9D35EB00CCDCE0 /* Item.swift */; };
		5E0D7F261F9D3B4000CCDCE0 /* ViewController.swift in Sources */ = {isa = PBXBuildFile; fileRef = 5E0D7F251F9D380C00CCDCE0 /* ViewController.swift */; };
		5E0D7F2D1F9D445700CCDCE0 /* MainMeal.storyboard in Resources */ = {isa = PBXBuildFile; fileRef = 5E0D7F2C1F9D445700CCDCE0 /* MainMeal.storyboard */; };
		5E523C0A1F893E8700763D6B /* AppDelegate.swift in Sources */ = {isa = PBXBuildFile; fileRef = 5E523C091F893E8700763D6B /* AppDelegate.swift */; };
		5E523C111F893E8700763D6B /* Assets.xcassets in Resources */ = {isa = PBXBuildFile; fileRef = 5E523C101F893E8700763D6B /* Assets.xcassets */; };
		5E523C1F1F893E8700763D6B /* eggplant_brownieTests.swift in Sources */ = {isa = PBXBuildFile; fileRef = 5E523C1E1F893E8700763D6B /* eggplant_brownieTests.swift */; };
		5E523C2A1F893E8700763D6B /* eggplant_brownieUITests.swift in Sources */ = {isa = PBXBuildFile; fileRef = 5E523C291F893E8700763D6B /* eggplant_brownieUITests.swift */; };
/* End PBXBuildFile section */

/* Begin PBXContainerItemProxy section */
		5E523C1B1F893E8700763D6B /* PBXContainerItemProxy */ = {
			isa = PBXContainerItemProxy;
			containerPortal = 5E523BFE1F893E8600763D6B /* Project object */;
			proxyType = 1;
			remoteGlobalIDString = 5E523C051F893E8600763D6B;
			remoteInfo = "eggplant-brownie";
		};
		5E523C261F893E8700763D6B /* PBXContainerItemProxy */ = {
			isa = PBXContainerItemProxy;
			containerPortal = 5E523BFE1F893E8600763D6B /* Project object */;
			proxyType = 1;
			remoteGlobalIDString = 5E523C051F893E8600763D6B;
			remoteInfo = "eggplant-brownie";
		};
/* End PBXContainerItemProxy section */

/* Begin PBXFileReference section */
		5E0D7F211F9D357A00CCDCE0 /* Meal.swift */ = {isa = PBXFileReference; lastKnownFileType = sourcecode.swift; path = Meal.swift; sourceTree = "<group>"; };
		5E0D7F231F9D35EB00CCDCE0 /* Item.swift */ = {isa = PBXFileReference; lastKnownFileType = sourcecode.swift; path = Item.swift; sourceTree = "<group>"; };
		5E0D7F251F9D380C00CCDCE0 /* ViewController.swift */ = {isa = PBXFileReference; lastKnownFileType = sourcecode.swift; path = ViewController.swift; sourceTree = "<group>"; };
		5E0D7F2C1F9D445700CCDCE0 /* MainMeal.storyboard */ = {isa = PBXFileReference; lastKnownFileType = file.storyboard; path = MainMeal.storyboard; sourceTree = "<group>"; };
		5E523C061F893E8700763D6B /* eggplant-brownie.app */ = {isa = PBXFileReference; explicitFileType = wrapper.application; includeInIndex = 0; path = "eggplant-brownie.app"; sourceTree = BUILT_PRODUCTS_DIR; };
		5E523C091F893E8700763D6B /* AppDelegate.swift */ = {isa = PBXFileReference; lastKnownFileType = sourcecode.swift; path = AppDelegate.swift; sourceTree = "<group>"; };
		5E523C101F893E8700763D6B /* Assets.xcassets */ = {isa = PBXFileReference; lastKnownFileType = folder.assetcatalog; path = Assets.xcassets; sourceTree = "<group>"; };
		5E523C151F893E8700763D6B /* Info.plist */ = {isa = PBXFileReference; lastKnownFileType = text.plist.xml; path = Info.plist; sourceTree = "<group>"; };
		5E523C1A1F893E8700763D6B /* eggplant-brownieTests.xctest */ = {isa = PBXFileReference; explicitFileType = wrapper.cfbundle; includeInIndex = 0; path = "eggplant-brownieTests.xctest"; sourceTree = BUILT_PRODUCTS_DIR; };
		5E523C1E1F893E8700763D6B /* eggplant_brownieTests.swift */ = {isa = PBXFileReference; lastKnownFileType = sourcecode.swift; path = eggplant_brownieTests.swift; sourceTree = "<group>"; };
		5E523C201F893E8700763D6B /* Info.plist */ = {isa = PBXFileReference; lastKnownFileType = text.plist.xml; path = Info.plist; sourceTree = "<group>"; };
		5E523C251F893E8700763D6B /* eggplant-brownieUITests.xctest */ = {isa = PBXFileReference; explicitFileType = wrapper.cfbundle; includeInIndex = 0; path = "eggplant-brownieUITests.xctest"; sourceTree = BUILT_PRODUCTS_DIR; };
		5E523C291F893E8700763D6B /* eggplant_brownieUITests.swift */ = {isa = PBXFileReference; lastKnownFileType = sourcecode.swift; path = eggplant_brownieUITests.swift; sourceTree = "<group>"; };
		5E523C2B1F893E8700763D6B /* Info.plist */ = {isa = PBXFileReference; lastKnownFileType = text.plist.xml; path = Info.plist; sourceTree = "<group>"; };
		5E997C381F9BC795004FE724 /* MyPlayground.playground */ = {isa = PBXFileReference; lastKnownFileType = file.playground; path = MyPlayground.playground; sourceTree = "<group>"; xcLanguageSpecificationIdentifier = xcode.lang.swift; };
/* End PBXFileReference section */

/* Begin PBXFrameworksBuildPhase section */
		5E523C031F893E8600763D6B /* Frameworks */ = {
			isa = PBXFrameworksBuildPhase;
			buildActionMask = 2147483647;
			files = (
			);
			runOnlyForDeploymentPostprocessing = 0;
		};
		5E523C171F893E8700763D6B /* Frameworks */ = {
			isa = PBXFrameworksBuildPhase;
			buildActionMask = 2147483647;
			files = (
			);
			runOnlyForDeploymentPostprocessing = 0;
		};
		5E523C221F893E8700763D6B /* Frameworks */ = {
			isa = PBXFrameworksBuildPhase;
			buildActionMask = 2147483647;
			files = (
			);
			runOnlyForDeploymentPostprocessing = 0;
		};
/* End PBXFrameworksBuildPhase section */

/* Begin PBXGroup section */
		5E0D7F1D1F9D352C00CCDCE0 /* viewcontrollers */ = {
			isa = PBXGroup;
			children = (
				5E0D7F251F9D380C00CCDCE0 /* ViewController.swift */,
			);
			path = viewcontrollers;
			sourceTree = "<group>";
		};
		5E0D7F1E1F9D352D00CCDCE0 /* views */ = {
			isa = PBXGroup;
			children = (
				5E0D7F2C1F9D445700CCDCE0 /* MainMeal.storyboard */,
			);
			path = views;
			sourceTree = "<group>";
		};
		5E0D7F1F1F9D352D00CCDCE0 /* models */ = {
			isa = PBXGroup;
			children = (
				5E0D7F211F9D357A00CCDCE0 /* Meal.swift */,
				5E0D7F231F9D35EB00CCDCE0 /* Item.swift */,
			);
			path = models;
			sourceTree = "<group>";
		};
		5E523BFD1F893E8600763D6B = {
			isa = PBXGroup;
			children = (
				5E523C081F893E8700763D6B /* eggplant-brownie */,
				5E523C1D1F893E8700763D6B /* eggplant-brownieTests */,
				5E523C281F893E8700763D6B /* eggplant-brownieUITests */,
				5E523C071F893E8700763D6B /* Products */,
			);
			sourceTree = "<group>";
		};
		5E523C071F893E8700763D6B /* Products */ = {
			isa = PBXGroup;
			children = (
				5E523C061F893E8700763D6B /* eggplant-brownie.app */,
				5E523C1A1F893E8700763D6B /* eggplant-brownieTests.xctest */,
				5E523C251F893E8700763D6B /* eggplant-brownieUITests.xctest */,
			);
			name = Products;
			sourceTree = "<group>";
		};
		5E523C081F893E8700763D6B /* eggplant-brownie */ = {
			isa = PBXGroup;
			children = (
				5E0D7F1F1F9D352D00CCDCE0 /* models */,
				5E0D7F1D1F9D352C00CCDCE0 /* viewcontrollers */,
				5E0D7F1E1F9D352D00CCDCE0 /* views */,
				5E997C381F9BC795004FE724 /* MyPlayground.playground */,
				5E523C091F893E8700763D6B /* AppDelegate.swift */,
				5E523C101F893E8700763D6B /* Assets.xcassets */,
				5E523C151F893E8700763D6B /* Info.plist */,
			);
			path = "eggplant-brownie";
			sourceTree = "<group>";
		};
		5E523C1D1F893E8700763D6B /* eggplant-brownieTests */ = {
			isa = PBXGroup;
			children = (
				5E523C1E1F893E8700763D6B /* eggplant_brownieTests.swift */,
				5E523C201F893E8700763D6B /* Info.plist */,
			);
			path = "eggplant-brownieTests";
			sourceTree = "<group>";
		};
		5E523C281F893E8700763D6B /* eggplant-brownieUITests */ = {
			isa = PBXGroup;
			children = (
				5E523C291F893E8700763D6B /* eggplant_brownieUITests.swift */,
				5E523C2B1F893E8700763D6B /* Info.plist */,
			);
			path = "eggplant-brownieUITests";
			sourceTree = "<group>";
		};
/* End PBXGroup section */

/* Begin PBXNativeTarget section */
		5E523C051F893E8600763D6B /* eggplant-brownie */ = {
			isa = PBXNativeTarget;
			buildConfigurationList = 5E523C2E1F893E8700763D6B /* Build configuration list for PBXNativeTarget "eggplant-brownie" */;
			buildPhases = (
				5E523C021F893E8600763D6B /* Sources */,
				5E523C031F893E8600763D6B /* Frameworks */,
				5E523C041F893E8600763D6B /* Resources */,
			);
			buildRules = (
			);
			dependencies = (
			);
			name = "eggplant-brownie";
			productName = "eggplant-brownie";
			productReference = 5E523C061F893E8700763D6B /* eggplant-brownie.app */;
			productType = "com.apple.product-type.application";
		};
		5E523C191F893E8700763D6B /* eggplant-brownieTests */ = {
			isa = PBXNativeTarget;
			buildConfigurationList = 5E523C311F893E8700763D6B /* Build configuration list for PBXNativeTarget "eggplant-brownieTests" */;
			buildPhases = (
				5E523C161F893E8700763D6B /* Sources */,
				5E523C171F893E8700763D6B /* Frameworks */,
				5E523C181F893E8700763D6B /* Resources */,
			);
			buildRules = (
			);
			dependencies = (
				5E523C1C1F893E8700763D6B /* PBXTargetDependency */,
			);
			name = "eggplant-brownieTests";
			productName = "eggplant-brownieTests";
			productReference = 5E523C1A1F893E8700763D6B /* eggplant-brownieTests.xctest */;
			productType = "com.apple.product-type.bundle.unit-test";
		};
		5E523C241F893E8700763D6B /* eggplant-brownieUITests */ = {
			isa = PBXNativeTarget;
			buildConfigurationList = 5E523C341F893E8700763D6B /* Build configuration list for PBXNativeTarget "eggplant-brownieUITests" */;
			buildPhases = (
				5E523C211F893E8700763D6B /* Sources */,
				5E523C221F893E8700763D6B /* Frameworks */,
				5E523C231F893E8700763D6B /* Resources */,
			);
			buildRules = (
			);
			dependencies = (
				5E523C271F893E8700763D6B /* PBXTargetDependency */,
			);
			name = "eggplant-brownieUITests";
			productName = "eggplant-brownieUITests";
			productReference = 5E523C251F893E8700763D6B /* eggplant-brownieUITests.xctest */;
			productType = "com.apple.product-type.bundle.ui-testing";
		};
/* End PBXNativeTarget section */

/* Begin PBXProject section */
		5E523BFE1F893E8600763D6B /* Project object */ = {
			isa = PBXProject;
			attributes = {
				LastSwiftUpdateCheck = 0900;
				LastUpgradeCheck = 0900;
				ORGANIZATIONNAME = "Renan Fabrão";
				TargetAttributes = {
					5E523C051F893E8600763D6B = {
						CreatedOnToolsVersion = 9.0;
						ProvisioningStyle = Automatic;
					};
					5E523C191F893E8700763D6B = {
						CreatedOnToolsVersion = 9.0;
						ProvisioningStyle = Automatic;
						TestTargetID = 5E523C051F893E8600763D6B;
					};
					5E523C241F893E8700763D6B = {
						CreatedOnToolsVersion = 9.0;
						ProvisioningStyle = Automatic;
						TestTargetID = 5E523C051F893E8600763D6B;
					};
				};
			};
			buildConfigurationList = 5E523C011F893E8600763D6B /* Build configuration list for PBXProject "eggplant-brownie" */;
			compatibilityVersion = "Xcode 8.0";
			developmentRegion = en;
			hasScannedForEncodings = 0;
			knownRegions = (
				en,
				Base,
			);
			mainGroup = 5E523BFD1F893E8600763D6B;
			productRefGroup = 5E523C071F893E8700763D6B /* Products */;
			projectDirPath = "";
			projectRoot = "";
			targets = (
				5E523C051F893E8600763D6B /* eggplant-brownie */,
				5E523C191F893E8700763D6B /* eggplant-brownieTests */,
				5E523C241F893E8700763D6B /* eggplant-brownieUITests */,
			);
		};
/* End PBXProject section */

/* Begin PBXResourcesBuildPhase section */
		5E523C041F893E8600763D6B /* Resources */ = {
			isa = PBXResourcesBuildPhase;
			buildActionMask = 2147483647;
			files = (
				5E0D7F2D1F9D445700CCDCE0 /* MainMeal.storyboard in Resources */,
				5E523C111F893E8700763D6B /* Assets.xcassets in Resources */,
			);
			runOnlyForDeploymentPostprocessing = 0;
		};
		5E523C181F893E8700763D6B /* Resources */ = {
			isa = PBXResourcesBuildPhase;
			buildActionMask = 2147483647;
			files = (
			);
			runOnlyForDeploymentPostprocessing = 0;
		};
		5E523C231F893E8700763D6B /* Resources */ = {
			isa = PBXResourcesBuildPhase;
			buildActionMask = 2147483647;
			files = (
			);
			runOnlyForDeploymentPostprocessing = 0;
		};
/* End PBXResourcesBuildPhase section */

/* Begin PBXSourcesBuildPhase section */
		5E523C021F893E8600763D6B /* Sources */ = {
			isa = PBXSourcesBuildPhase;
			buildActionMask = 2147483647;
			files = (
				5E0D7F241F9D35EB00CCDCE0 /* Item.swift in Sources */,
				5E0D7F221F9D357A00CCDCE0 /* Meal.swift in Sources */,
				5E0D7F261F9D3B4000CCDCE0 /* ViewController.swift in Sources */,
				5E523C0A1F893E8700763D6B /* AppDelegate.swift in Sources */,
			);
			runOnlyForDeploymentPostprocessing = 0;
		};
		5E523C161F893E8700763D6B /* Sources */ = {
			isa = PBXSourcesBuildPhase;
			buildActionMask = 2147483647;
			files = (
				5E523C1F1F893E8700763D6B /* eggplant_brownieTests.swift in Sources */,
			);
			runOnlyForDeploymentPostprocessing = 0;
		};
		5E523C211F893E8700763D6B /* Sources */ = {
			isa = PBXSourcesBuildPhase;
			buildActionMask = 2147483647;
			files = (
				5E523C2A1F893E8700763D6B /* eggplant_brownieUITests.swift in Sources */,
			);
			runOnlyForDeploymentPostprocessing = 0;
		};
/* End PBXSourcesBuildPhase section */

/* Begin PBXTargetDependency section */
		5E523C1C1F893E8700763D6B /* PBXTargetDependency */ = {
			isa = PBXTargetDependency;
			target = 5E523C051F893E8600763D6B /* eggplant-brownie */;
			targetProxy = 5E523C1B1F893E8700763D6B /* PBXContainerItemProxy */;
		};
		5E523C271F893E8700763D6B /* PBXTargetDependency */ = {
			isa = PBXTargetDependency;
			target = 5E523C051F893E8600763D6B /* eggplant-brownie */;
			targetProxy = 5E523C261F893E8700763D6B /* PBXContainerItemProxy */;
		};
/* End PBXTargetDependency section */

/* Begin XCBuildConfiguration section */
		5E523C2C1F893E8700763D6B /* Debug */ = {
			isa = XCBuildConfiguration;
			buildSettings = {
				ALWAYS_SEARCH_USER_PATHS = NO;
				CLANG_ANALYZER_NONNULL = YES;
				CLANG_ANALYZER_NUMBER_OBJECT_CONVERSION = YES_AGGRESSIVE;
				CLANG_CXX_LANGUAGE_STANDARD = "gnu++14";
				CLANG_CXX_LIBRARY = "libc++";
				CLANG_ENABLE_MODULES = YES;
				CLANG_ENABLE_OBJC_ARC = YES;
				CLANG_WARN_BLOCK_CAPTURE_AUTORELEASING = YES;
				CLANG_WARN_BOOL_CONVERSION = YES;
				CLANG_WARN_COMMA = YES;
				CLANG_WARN_CONSTANT_CONVERSION = YES;
				CLANG_WARN_DIRECT_OBJC_ISA_USAGE = YES_ERROR;
				CLANG_WARN_DOCUMENTATION_COMMENTS = YES;
				CLANG_WARN_EMPTY_BODY = YES;
				CLANG_WARN_ENUM_CONVERSION = YES;
				CLANG_WARN_INFINITE_RECURSION = YES;
				CLANG_WARN_INT_CONVERSION = YES;
				CLANG_WARN_NON_LITERAL_NULL_CONVERSION = YES;
				CLANG_WARN_OBJC_LITERAL_CONVERSION = YES;
				CLANG_WARN_OBJC_ROOT_CLASS = YES_ERROR;
				CLANG_WARN_RANGE_LOOP_ANALYSIS = YES;
				CLANG_WARN_STRICT_PROTOTYPES = YES;
				CLANG_WARN_SUSPICIOUS_MOVE = YES;
				CLANG_WARN_UNGUARDED_AVAILABILITY = YES_AGGRESSIVE;
				CLANG_WARN_UNREACHABLE_CODE = YES;
				CLANG_WARN__DUPLICATE_METHOD_MATCH = YES;
				CODE_SIGN_IDENTITY = "iPhone Developer";
				COPY_PHASE_STRIP = NO;
				DEBUG_INFORMATION_FORMAT = dwarf;
				ENABLE_STRICT_OBJC_MSGSEND = YES;
				ENABLE_TESTABILITY = YES;
				GCC_C_LANGUAGE_STANDARD = gnu11;
				GCC_DYNAMIC_NO_PIC = NO;
				GCC_NO_COMMON_BLOCKS = YES;
				GCC_OPTIMIZATION_LEVEL = 0;
				GCC_PREPROCESSOR_DEFINITIONS = (
					"DEBUG=1",
					"$(inherited)",
				);
				GCC_WARN_64_TO_32_BIT_CONVERSION = YES;
				GCC_WARN_ABOUT_RETURN_TYPE = YES_ERROR;
				GCC_WARN_UNDECLARED_SELECTOR = YES;
				GCC_WARN_UNINITIALIZED_AUTOS = YES_AGGRESSIVE;
				GCC_WARN_UNUSED_FUNCTION = YES;
				GCC_WARN_UNUSED_VARIABLE = YES;
				IPHONEOS_DEPLOYMENT_TARGET = 11.0;
				MTL_ENABLE_DEBUG_INFO = YES;
				ONLY_ACTIVE_ARCH = YES;
				SDKROOT = iphoneos;
				SWIFT_ACTIVE_COMPILATION_CONDITIONS = DEBUG;
				SWIFT_OPTIMIZATION_LEVEL = "-Onone";
			};
			name = Debug;
		};
		5E523C2D1F893E8700763D6B /* Release */ = {
			isa = XCBuildConfiguration;
			buildSettings = {
				ALWAYS_SEARCH_USER_PATHS = NO;
				CLANG_ANALYZER_NONNULL = YES;
				CLANG_ANALYZER_NUMBER_OBJECT_CONVERSION = YES_AGGRESSIVE;
				CLANG_CXX_LANGUAGE_STANDARD = "gnu++14";
				CLANG_CXX_LIBRARY = "libc++";
				CLANG_ENABLE_MODULES = YES;
				CLANG_ENABLE_OBJC_ARC = YES;
				CLANG_WARN_BLOCK_CAPTURE_AUTORELEASING = YES;
				CLANG_WARN_BOOL_CONVERSION = YES;
				CLANG_WARN_COMMA = YES;
				CLANG_WARN_CONSTANT_CONVERSION = YES;
				CLANG_WARN_DIRECT_OBJC_ISA_USAGE = YES_ERROR;
				CLANG_WARN_DOCUMENTATION_COMMENTS = YES;
				CLANG_WARN_EMPTY_BODY = YES;
				CLANG_WARN_ENUM_CONVERSION = YES;
				CLANG_WARN_INFINITE_RECURSION = YES;
				CLANG_WARN_INT_CONVERSION = YES;
				CLANG_WARN_NON_LITERAL_NULL_CONVERSION = YES;
				CLANG_WARN_OBJC_LITERAL_CONVERSION = YES;
				CLANG_WARN_OBJC_ROOT_CLASS = YES_ERROR;
				CLANG_WARN_RANGE_LOOP_ANALYSIS = YES;
				CLANG_WARN_STRICT_PROTOTYPES = YES;
				CLANG_WARN_SUSPICIOUS_MOVE = YES;
				CLANG_WARN_UNGUARDED_AVAILABILITY = YES_AGGRESSIVE;
				CLANG_WARN_UNREACHABLE_CODE = YES;
				CLANG_WARN__DUPLICATE_METHOD_MATCH = YES;
				CODE_SIGN_IDENTITY = "iPhone Developer";
				COPY_PHASE_STRIP = NO;
				DEBUG_INFORMATION_FORMAT = "dwarf-with-dsym";
				ENABLE_NS_ASSERTIONS = NO;
				ENABLE_STRICT_OBJC_MSGSEND = YES;
				GCC_C_LANGUAGE_STANDARD = gnu11;
				GCC_NO_COMMON_BLOCKS = YES;
				GCC_WARN_64_TO_32_BIT_CONVERSION = YES;
				GCC_WARN_ABOUT_RETURN_TYPE = YES_ERROR;
				GCC_WARN_UNDECLARED_SELECTOR = YES;
				GCC_WARN_UNINITIALIZED_AUTOS = YES_AGGRESSIVE;
				GCC_WARN_UNUSED_FUNCTION = YES;
				GCC_WARN_UNUSED_VARIABLE = YES;
				IPHONEOS_DEPLOYMENT_TARGET = 11.0;
				MTL_ENABLE_DEBUG_INFO = NO;
				SDKROOT = iphoneos;
				SWIFT_OPTIMIZATION_LEVEL = "-Owholemodule";
				VALIDATE_PRODUCT = YES;
			};
			name = Release;
		};
		5E523C2F1F893E8700763D6B /* Debug */ = {
			isa = XCBuildConfiguration;
			buildSettings = {
				ASSETCATALOG_COMPILER_APPICON_NAME = AppIcon;
				CODE_SIGN_STYLE = Automatic;
				DEVELOPMENT_TEAM = "";
				INFOPLIST_FILE = "eggplant-brownie/Info.plist";
				LD_RUNPATH_SEARCH_PATHS = "$(inherited) @executable_path/Frameworks";
				PRODUCT_BUNDLE_IDENTIFIER = "br.com.fabrao.eggplant-brownie";
				PRODUCT_NAME = "$(TARGET_NAME)";
				SWIFT_VERSION = 4.0;
				TARGETED_DEVICE_FAMILY = 1;
			};
			name = Debug;
		};
		5E523C301F893E8700763D6B /* Release */ = {
			isa = XCBuildConfiguration;
			buildSettings = {
				ASSETCATALOG_COMPILER_APPICON_NAME = AppIcon;
				CODE_SIGN_STYLE = Automatic;
				DEVELOPMENT_TEAM = "";
				INFOPLIST_FILE = "eggplant-brownie/Info.plist";
				LD_RUNPATH_SEARCH_PATHS = "$(inherited) @executable_path/Frameworks";
				PRODUCT_BUNDLE_IDENTIFIER = "br.com.fabrao.eggplant-brownie";
				PRODUCT_NAME = "$(TARGET_NAME)";
				SWIFT_VERSION = 4.0;
				TARGETED_DEVICE_FAMILY = 1;
			};
			name = Release;
		};
		5E523C321F893E8700763D6B /* Debug */ = {
			isa = XCBuildConfiguration;
			buildSettings = {
				ALWAYS_EMBED_SWIFT_STANDARD_LIBRARIES = YES;
				BUNDLE_LOADER = "$(TEST_HOST)";
				CODE_SIGN_STYLE = Automatic;
				INFOPLIST_FILE = "eggplant-brownieTests/Info.plist";
				LD_RUNPATH_SEARCH_PATHS = "$(inherited) @executable_path/Frameworks @loader_path/Frameworks";
				PRODUCT_BUNDLE_IDENTIFIER = "br.com.fabrao.eggplant-brownieTests";
				PRODUCT_NAME = "$(TARGET_NAME)";
				SWIFT_VERSION = 4.0;
				TARGETED_DEVICE_FAMILY = "1,2";
				TEST_HOST = "$(BUILT_PRODUCTS_DIR)/eggplant-brownie.app/eggplant-brownie";
			};
			name = Debug;
		};
		5E523C331F893E8700763D6B /* Release */ = {
			isa = XCBuildConfiguration;
			buildSettings = {
				ALWAYS_EMBED_SWIFT_STANDARD_LIBRARIES = YES;
				BUNDLE_LOADER = "$(TEST_HOST)";
				CODE_SIGN_STYLE = Automatic;
				INFOPLIST_FILE = "eggplant-brownieTests/Info.plist";
				LD_RUNPATH_SEARCH_PATHS = "$(inherited) @executable_path/Frameworks @loader_path/Frameworks";
				PRODUCT_BUNDLE_IDENTIFIER = "br.com.fabrao.eggplant-brownieTests";
				PRODUCT_NAME = "$(TARGET_NAME)";
				SWIFT_VERSION = 4.0;
				TARGETED_DEVICE_FAMILY = "1,2";
				TEST_HOST = "$(BUILT_PRODUCTS_DIR)/eggplant-brownie.app/eggplant-brownie";
			};
			name = Release;
		};
		5E523C351F893E8700763D6B /* Debug */ = {
			isa = XCBuildConfiguration;
			buildSettings = {
				ALWAYS_EMBED_SWIFT_STANDARD_LIBRARIES = YES;
				CODE_SIGN_STYLE = Automatic;
				INFOPLIST_FILE = "eggplant-brownieUITests/Info.plist";
				LD_RUNPATH_SEARCH_PATHS = "$(inherited) @executable_path/Frameworks @loader_path/Frameworks";
				PRODUCT_BUNDLE_IDENTIFIER = "br.com.fabrao.eggplant-brownieUITests";
				PRODUCT_NAME = "$(TARGET_NAME)";
				SWIFT_VERSION = 4.0;
				TARGETED_DEVICE_FAMILY = "1,2";
				TEST_TARGET_NAME = "eggplant-brownie";
			};
			name = Debug;
		};
		5E523C361F893E8700763D6B /* Release */ = {
			isa = XCBuildConfiguration;
			buildSettings = {
				ALWAYS_EMBED_SWIFT_STANDARD_LIBRARIES = YES;
				CODE_SIGN_STYLE = Automatic;
				INFOPLIST_FILE = "eggplant-brownieUITests/Info.plist";
				LD_RUNPATH_SEARCH_PATHS = "$(inherited) @executable_path/Frameworks @loader_path/Frameworks";
				PRODUCT_BUNDLE_IDENTIFIER = "br.com.fabrao.eggplant-brownieUITests";
				PRODUCT_NAME = "$(TARGET_NAME)";
				SWIFT_VERSION = 4.0;
				TARGETED_DEVICE_FAMILY = "1,2";
				TEST_TARGET_NAME = "eggplant-brownie";
			};
			name = Release;
		};
/* End XCBuildConfiguration section */

/* Begin XCConfigurationList section */
		5E523C011F893E8600763D6B /* Build configuration list for PBXProject "eggplant-brownie" */ = {
			isa = XCConfigurationList;
			buildConfigurations = (
				5E523C2C1F893E8700763D6B /* Debug */,
				5E523C2D1F893E8700763D6B /* Release */,
			);
			defaultConfigurationIsVisible = 0;
			defaultConfigurationName = Release;
		};
		5E523C2E1F893E8700763D6B /* Build configuration list for PBXNativeTarget "eggplant-brownie" */ = {
			isa = XCConfigurationList;
			buildConfigurations = (
				5E523C2F1F893E8700763D6B /* Debug */,
				5E523C301F893E8700763D6B /* Release */,
			);
			defaultConfigurationIsVisible = 0;
			defaultConfigurationName = Release;
		};
		5E523C311F893E8700763D6B /* Build configuration list for PBXNativeTarget "eggplant-brownieTests" */ = {
			isa = XCConfigurationList;
			buildConfigurations = (
				5E523C321F893E8700763D6B /* Debug */,
				5E523C331F893E8700763D6B /* Release */,
			);
			defaultConfigurationIsVisible = 0;
			defaultConfigurationName = Release;
		};
		5E523C341F893E8700763D6B /* Build configuration list for PBXNativeTarget "eggplant-brownieUITests" */ = {
			isa = XCConfigurationList;
			buildConfigurations = (
				5E523C351F893E8700763D6B /* Debug */,
				5E523C361F893E8700763D6B /* Release */,
			);
			defaultConfigurationIsVisible = 0;
			defaultConfigurationName = Release;
		};
/* End XCConfigurationList section */
	};
	rootObject = 5E523BFE1F893E8600763D6B /* Project object */;
}
